// !$*UTF8*$!
{
	archiveVersion = 1;
	classes = {
	};
	objectVersion = 48;
	objects = {

/* Begin PBXBuildFile section */
		9A86ED08200CE55D004AC7DC /* Json4Swift_Base.swift in Sources */ = {isa = PBXBuildFile; fileRef = 9A86ECFF200CE42F004AC7DC /* Json4Swift_Base.swift */; };
		9A86ED09200CE564004AC7DC /* Classification.swift in Sources */ = {isa = PBXBuildFile; fileRef = 9A86ED06200CE505004AC7DC /* Classification.swift */; };
		9A86ED0A200CE566004AC7DC /* Dating.swift in Sources */ = {isa = PBXBuildFile; fileRef = 9A86ED05200CE4E6004AC7DC /* Dating.swift */; };
		9A86ED0B200CE568004AC7DC /* PrincipalMakers.swift in Sources */ = {isa = PBXBuildFile; fileRef = 9A86ED04200CE4DF004AC7DC /* PrincipalMakers.swift */; };
		9A86ED0C200CE56A004AC7DC /* Dimensions.swift in Sources */ = {isa = PBXBuildFile; fileRef = 9A86ED03200CE4D5004AC7DC /* Dimensions.swift */; };
		9A86ED0D200CE56B004AC7DC /* ArtObjectPage.swift in Sources */ = {isa = PBXBuildFile; fileRef = 9A86ED02200CE4C8004AC7DC /* ArtObjectPage.swift */; };
		9A86ED0E200CE570004AC7DC /* AdlibOverrides.swift in Sources */ = {isa = PBXBuildFile; fileRef = 9A86ED01200CE4BA004AC7DC /* AdlibOverrides.swift */; };
		9A86ED0F200CE572004AC7DC /* Acquisition.swift in Sources */ = {isa = PBXBuildFile; fileRef = 9A86ED07200CE512004AC7DC /* Acquisition.swift */; };
		9A86ED10200CE574004AC7DC /* WebImage.swift in Sources */ = {isa = PBXBuildFile; fileRef = 9A86ECFC200CE423004AC7DC /* WebImage.swift */; };
		9A86ED11200CE577004AC7DC /* Links.swift in Sources */ = {isa = PBXBuildFile; fileRef = 9A86ECFD200CE426004AC7DC /* Links.swift */; };
		9A86ED13200CE579004AC7DC /* ArtObject.swift in Sources */ = {isa = PBXBuildFile; fileRef = 9A86ED12200CE578004AC7DC /* ArtObject.swift */; };
		9A86ED14200CE57B004AC7DC /* Label.swift in Sources */ = {isa = PBXBuildFile; fileRef = 9A86ED00200CE44B004AC7DC /* Label.swift */; };
		9A86ED1B200DFC76004AC7DC /* SearchResults.swift in Sources */ = {isa = PBXBuildFile; fileRef = 9A86ED18200DFC75004AC7DC /* SearchResults.swift */; };
		9A86ED1C200DFC76004AC7DC /* ArtObjects.swift in Sources */ = {isa = PBXBuildFile; fileRef = 9A86ED19200DFC76004AC7DC /* ArtObjects.swift */; };
		9A86ED1E200F9F70004AC7DC /* StringExtension.swift in Sources */ = {isa = PBXBuildFile; fileRef = 9A86ED1D200F9F70004AC7DC /* StringExtension.swift */; };
		9A8D04D4200CB03300B8B12C /* GoogleService-Info.plist in Resources */ = {isa = PBXBuildFile; fileRef = 9A8D04D3200CB03300B8B12C /* GoogleService-Info.plist */; };
		9AE0AEFD200CB57E00B30137 /* LoginViewController.swift in Sources */ = {isa = PBXBuildFile; fileRef = 9AE0AEFC200CB57E00B30137 /* LoginViewController.swift */; };
		9AED4FCB2004B4C400A1556D /* AppDelegate.swift in Sources */ = {isa = PBXBuildFile; fileRef = 9AED4FCA2004B4C400A1556D /* AppDelegate.swift */; };
		9AED4FCD2004B4C400A1556D /* ViewController.swift in Sources */ = {isa = PBXBuildFile; fileRef = 9AED4FCC2004B4C400A1556D /* ViewController.swift */; };
		9AED4FD02004B4C400A1556D /* Main.storyboard in Resources */ = {isa = PBXBuildFile; fileRef = 9AED4FCE2004B4C400A1556D /* Main.storyboard */; };
		9AED4FD22004B4C400A1556D /* Assets.xcassets in Resources */ = {isa = PBXBuildFile; fileRef = 9AED4FD12004B4C400A1556D /* Assets.xcassets */; };
		9AED4FD52004B4C400A1556D /* LaunchScreen.storyboard in Resources */ = {isa = PBXBuildFile; fileRef = 9AED4FD32004B4C400A1556D /* LaunchScreen.storyboard */; };
		9AED4FDD2004BB7B00A1556D /* SearchViewController.swift in Sources */ = {isa = PBXBuildFile; fileRef = 9AED4FDC2004BB7B00A1556D /* SearchViewController.swift */; };
		9AED4FDF2004BBE100A1556D /* SearchResultTableViewController.swift in Sources */ = {isa = PBXBuildFile; fileRef = 9AED4FDE2004BBE100A1556D /* SearchResultTableViewController.swift */; };
		9AED4FE12004CB6600A1556D /* Artwork.swift in Sources */ = {isa = PBXBuildFile; fileRef = 9AED4FE02004CB6600A1556D /* Artwork.swift */; };
		9AED4FE32008AB8700A1556D /* RecentUsersTableViewController.swift in Sources */ = {isa = PBXBuildFile; fileRef = 9AED4FE22008AB8700A1556D /* RecentUsersTableViewController.swift */; };
		9AED4FE52008ABE500A1556D /* OtherUsersCollectionTableViewController.swift in Sources */ = {isa = PBXBuildFile; fileRef = 9AED4FE42008ABE500A1556D /* OtherUsersCollectionTableViewController.swift */; };
		9AED4FE72008AC0600A1556D /* YourCollectionsTableViewController.swift in Sources */ = {isa = PBXBuildFile; fileRef = 9AED4FE62008AC0600A1556D /* YourCollectionsTableViewController.swift */; };
		9AED4FE92008AC3800A1556D /* CollectionDetailTableViewController.swift in Sources */ = {isa = PBXBuildFile; fileRef = 9AED4FE82008AC3800A1556D /* CollectionDetailTableViewController.swift */; };
		9AED4FEB2008AC7400A1556D /* DetailViewController.swift in Sources */ = {isa = PBXBuildFile; fileRef = 9AED4FEA2008AC7400A1556D /* DetailViewController.swift */; };
		B478923156CED010053904E4 /* Pods_MuseumApp2.framework in Frameworks */ = {isa = PBXBuildFile; fileRef = 4F2EA361AA74F3AD51B6857F /* Pods_MuseumApp2.framework */; };
/* End PBXBuildFile section */

/* Begin PBXFileReference section */
		40067B1C3BA4A3C991996475 /* Pods-MuseumApp2.debug.xcconfig */ = {isa = PBXFileReference; includeInIndex = 1; lastKnownFileType = text.xcconfig; name = "Pods-MuseumApp2.debug.xcconfig"; path = "Pods/Target Support Files/Pods-MuseumApp2/Pods-MuseumApp2.debug.xcconfig"; sourceTree = "<group>"; };
		4F2EA361AA74F3AD51B6857F /* Pods_MuseumApp2.framework */ = {isa = PBXFileReference; explicitFileType = wrapper.framework; includeInIndex = 0; path = Pods_MuseumApp2.framework; sourceTree = BUILT_PRODUCTS_DIR; };
		8E40CE9015DDE9DB814DEF6A /* Pods-MuseumApp2.release.xcconfig */ = {isa = PBXFileReference; includeInIndex = 1; lastKnownFileType = text.xcconfig; name = "Pods-MuseumApp2.release.xcconfig"; path = "Pods/Target Support Files/Pods-MuseumApp2/Pods-MuseumApp2.release.xcconfig"; sourceTree = "<group>"; };
		9A86ECFC200CE423004AC7DC /* WebImage.swift */ = {isa = PBXFileReference; lastKnownFileType = sourcecode.swift; path = WebImage.swift; sourceTree = "<group>"; };
		9A86ECFD200CE426004AC7DC /* Links.swift */ = {isa = PBXFileReference; lastKnownFileType = sourcecode.swift; path = Links.swift; sourceTree = "<group>"; };
		9A86ECFF200CE42F004AC7DC /* Json4Swift_Base.swift */ = {isa = PBXFileReference; lastKnownFileType = sourcecode.swift; path = Json4Swift_Base.swift; sourceTree = "<group>"; };
		9A86ED00200CE44B004AC7DC /* Label.swift */ = {isa = PBXFileReference; lastKnownFileType = sourcecode.swift; path = Label.swift; sourceTree = "<group>"; };
		9A86ED01200CE4BA004AC7DC /* AdlibOverrides.swift */ = {isa = PBXFileReference; lastKnownFileType = sourcecode.swift; path = AdlibOverrides.swift; sourceTree = "<group>"; };
		9A86ED02200CE4C8004AC7DC /* ArtObjectPage.swift */ = {isa = PBXFileReference; lastKnownFileType = sourcecode.swift; path = ArtObjectPage.swift; sourceTree = "<group>"; };
		9A86ED03200CE4D5004AC7DC /* Dimensions.swift */ = {isa = PBXFileReference; lastKnownFileType = sourcecode.swift; path = Dimensions.swift; sourceTree = "<group>"; };
		9A86ED04200CE4DF004AC7DC /* PrincipalMakers.swift */ = {isa = PBXFileReference; lastKnownFileType = sourcecode.swift; path = PrincipalMakers.swift; sourceTree = "<group>"; };
		9A86ED05200CE4E6004AC7DC /* Dating.swift */ = {isa = PBXFileReference; lastKnownFileType = sourcecode.swift; path = Dating.swift; sourceTree = "<group>"; };
		9A86ED06200CE505004AC7DC /* Classification.swift */ = {isa = PBXFileReference; lastKnownFileType = sourcecode.swift; path = Classification.swift; sourceTree = "<group>"; };
		9A86ED07200CE512004AC7DC /* Acquisition.swift */ = {isa = PBXFileReference; lastKnownFileType = sourcecode.swift; path = Acquisition.swift; sourceTree = "<group>"; };
		9A86ED12200CE578004AC7DC /* ArtObject.swift */ = {isa = PBXFileReference; lastKnownFileType = sourcecode.swift; path = ArtObject.swift; sourceTree = "<group>"; };
		9A86ED18200DFC75004AC7DC /* SearchResults.swift */ = {isa = PBXFileReference; fileEncoding = 4; lastKnownFileType = sourcecode.swift; name = SearchResults.swift; path = ../../../../Downloads/codegen_5a5dc4b29bcd5/SearchResults.swift; sourceTree = "<group>"; };
		9A86ED19200DFC76004AC7DC /* ArtObjects.swift */ = {isa = PBXFileReference; fileEncoding = 4; lastKnownFileType = sourcecode.swift; name = ArtObjects.swift; path = ../../../../Downloads/codegen_5a5dc4b29bcd5/ArtObjects.swift; sourceTree = "<group>"; };
		9A86ED1D200F9F70004AC7DC /* StringExtension.swift */ = {isa = PBXFileReference; lastKnownFileType = sourcecode.swift; path = StringExtension.swift; sourceTree = "<group>"; };
		9A8D04D3200CB03300B8B12C /* GoogleService-Info.plist */ = {isa = PBXFileReference; fileEncoding = 4; lastKnownFileType = text.plist.xml; name = "GoogleService-Info.plist"; path = "../../../../Downloads/GoogleService-Info.plist"; sourceTree = "<group>"; };
		9AE0AEFC200CB57E00B30137 /* LoginViewController.swift */ = {isa = PBXFileReference; lastKnownFileType = sourcecode.swift; path = LoginViewController.swift; sourceTree = "<group>"; };
		9AED4FC72004B4C400A1556D /* MuseumApp2.app */ = {isa = PBXFileReference; explicitFileType = wrapper.application; includeInIndex = 0; path = MuseumApp2.app; sourceTree = BUILT_PRODUCTS_DIR; };
		9AED4FCA2004B4C400A1556D /* AppDelegate.swift */ = {isa = PBXFileReference; lastKnownFileType = sourcecode.swift; path = AppDelegate.swift; sourceTree = "<group>"; };
		9AED4FCC2004B4C400A1556D /* ViewController.swift */ = {isa = PBXFileReference; lastKnownFileType = sourcecode.swift; path = ViewController.swift; sourceTree = "<group>"; };
		9AED4FCF2004B4C400A1556D /* Base */ = {isa = PBXFileReference; lastKnownFileType = file.storyboard; name = Base; path = Base.lproj/Main.storyboard; sourceTree = "<group>"; };
		9AED4FD12004B4C400A1556D /* Assets.xcassets */ = {isa = PBXFileReference; lastKnownFileType = folder.assetcatalog; path = Assets.xcassets; sourceTree = "<group>"; };
		9AED4FD42004B4C400A1556D /* Base */ = {isa = PBXFileReference; lastKnownFileType = file.storyboard; name = Base; path = Base.lproj/LaunchScreen.storyboard; sourceTree = "<group>"; };
		9AED4FD62004B4C400A1556D /* Info.plist */ = {isa = PBXFileReference; lastKnownFileType = text.plist.xml; path = Info.plist; sourceTree = "<group>"; };
		9AED4FDC2004BB7B00A1556D /* SearchViewController.swift */ = {isa = PBXFileReference; lastKnownFileType = sourcecode.swift; path = SearchViewController.swift; sourceTree = "<group>"; };
		9AED4FDE2004BBE100A1556D /* SearchResultTableViewController.swift */ = {isa = PBXFileReference; lastKnownFileType = sourcecode.swift; path = SearchResultTableViewController.swift; sourceTree = "<group>"; };
		9AED4FE02004CB6600A1556D /* Artwork.swift */ = {isa = PBXFileReference; lastKnownFileType = sourcecode.swift; path = Artwork.swift; sourceTree = "<group>"; };
		9AED4FE22008AB8700A1556D /* RecentUsersTableViewController.swift */ = {isa = PBXFileReference; lastKnownFileType = sourcecode.swift; path = RecentUsersTableViewController.swift; sourceTree = "<group>"; };
		9AED4FE42008ABE500A1556D /* OtherUsersCollectionTableViewController.swift */ = {isa = PBXFileReference; lastKnownFileType = sourcecode.swift; path = OtherUsersCollectionTableViewController.swift; sourceTree = "<group>"; };
		9AED4FE62008AC0600A1556D /* YourCollectionsTableViewController.swift */ = {isa = PBXFileReference; lastKnownFileType = sourcecode.swift; path = YourCollectionsTableViewController.swift; sourceTree = "<group>"; };
		9AED4FE82008AC3800A1556D /* CollectionDetailTableViewController.swift */ = {isa = PBXFileReference; lastKnownFileType = sourcecode.swift; path = CollectionDetailTableViewController.swift; sourceTree = "<group>"; };
		9AED4FEA2008AC7400A1556D /* DetailViewController.swift */ = {isa = PBXFileReference; lastKnownFileType = sourcecode.swift; path = DetailViewController.swift; sourceTree = "<group>"; };
/* End PBXFileReference section */

/* Begin PBXFrameworksBuildPhase section */
		9AED4FC42004B4C400A1556D /* Frameworks */ = {
			isa = PBXFrameworksBuildPhase;
			buildActionMask = 2147483647;
			files = (
				B478923156CED010053904E4 /* Pods_MuseumApp2.framework in Frameworks */,
			);
			runOnlyForDeploymentPostprocessing = 0;
		};
/* End PBXFrameworksBuildPhase section */

/* Begin PBXGroup section */
		9AED4FBE2004B4C400A1556D = {
			isa = PBXGroup;
			children = (
				9AED4FC92004B4C400A1556D /* MuseumApp2 */,
				9AED4FC82004B4C400A1556D /* Products */,
				EF5C36E49F22D581B9A3887C /* Pods */,
				B3557FC5769659E6EC534557 /* Frameworks */,
			);
			sourceTree = "<group>";
		};
		9AED4FC82004B4C400A1556D /* Products */ = {
			isa = PBXGroup;
			children = (
				9AED4FC72004B4C400A1556D /* MuseumApp2.app */,
			);
			name = Products;
			sourceTree = "<group>";
		};
		9AED4FC92004B4C400A1556D /* MuseumApp2 */ = {
			isa = PBXGroup;
			children = (
				9AED4FCA2004B4C400A1556D /* AppDelegate.swift */,
				9A86ED00200CE44B004AC7DC /* Label.swift */,
				9A86ED12200CE578004AC7DC /* ArtObject.swift */,
				9A86ED19200DFC76004AC7DC /* ArtObjects.swift */,
				9A86ED18200DFC75004AC7DC /* SearchResults.swift */,
				9A86ECFD200CE426004AC7DC /* Links.swift */,
				9A86ECFC200CE423004AC7DC /* WebImage.swift */,
				9A86ED02200CE4C8004AC7DC /* ArtObjectPage.swift */,
				9A86ED07200CE512004AC7DC /* Acquisition.swift */,
				9A86ED01200CE4BA004AC7DC /* AdlibOverrides.swift */,
				9A86ED03200CE4D5004AC7DC /* Dimensions.swift */,
				9A86ED04200CE4DF004AC7DC /* PrincipalMakers.swift */,
				9AED4FCC2004B4C400A1556D /* ViewController.swift */,
				9A86ED05200CE4E6004AC7DC /* Dating.swift */,
				9A86ED06200CE505004AC7DC /* Classification.swift */,
				9A86ECFF200CE42F004AC7DC /* Json4Swift_Base.swift */,
				9AED4FCE2004B4C400A1556D /* Main.storyboard */,
				9AE0AEFC200CB57E00B30137 /* LoginViewController.swift */,
				9AED4FEA2008AC7400A1556D /* DetailViewController.swift */,
				9A86ED1D200F9F70004AC7DC /* StringExtension.swift */,
				9AED4FE82008AC3800A1556D /* CollectionDetailTableViewController.swift */,
				9AED4FE62008AC0600A1556D /* YourCollectionsTableViewController.swift */,
				9AED4FE42008ABE500A1556D /* OtherUsersCollectionTableViewController.swift */,
				9AED4FE22008AB8700A1556D /* RecentUsersTableViewController.swift */,
				9AED4FE02004CB6600A1556D /* Artwork.swift */,
				9AED4FDE2004BBE100A1556D /* SearchResultTableViewController.swift */,
				9AED4FDC2004BB7B00A1556D /* SearchViewController.swift */,
				9AED4FD12004B4C400A1556D /* Assets.xcassets */,
				9A8D04D3200CB03300B8B12C /* GoogleService-Info.plist */,
				9AED4FD32004B4C400A1556D /* LaunchScreen.storyboard */,
				9AED4FD62004B4C400A1556D /* Info.plist */,
			);
			path = MuseumApp2;
			sourceTree = "<group>";
		};
		B3557FC5769659E6EC534557 /* Frameworks */ = {
			isa = PBXGroup;
			children = (
				4F2EA361AA74F3AD51B6857F /* Pods_MuseumApp2.framework */,
			);
			name = Frameworks;
			sourceTree = "<group>";
		};
		EF5C36E49F22D581B9A3887C /* Pods */ = {
			isa = PBXGroup;
			children = (
				40067B1C3BA4A3C991996475 /* Pods-MuseumApp2.debug.xcconfig */,
				8E40CE9015DDE9DB814DEF6A /* Pods-MuseumApp2.release.xcconfig */,
			);
			name = Pods;
			sourceTree = "<group>";
		};
/* End PBXGroup section */

/* Begin PBXNativeTarget section */
		9AED4FC62004B4C400A1556D /* MuseumApp2 */ = {
			isa = PBXNativeTarget;
			buildConfigurationList = 9AED4FD92004B4C400A1556D /* Build configuration list for PBXNativeTarget "MuseumApp2" */;
			buildPhases = (
				A06F1AEF1EB1092660020CF9 /* [CP] Check Pods Manifest.lock */,
				9AED4FC32004B4C400A1556D /* Sources */,
				9AED4FC42004B4C400A1556D /* Frameworks */,
				9AED4FC52004B4C400A1556D /* Resources */,
				23D1F36A2AB5F8B02A0158BC /* [CP] Embed Pods Frameworks */,
				60D0E7631292EA00C467D831 /* [CP] Copy Pods Resources */,
			);
			buildRules = (
			);
			dependencies = (
			);
			name = MuseumApp2;
			productName = MuseumApp2;
			productReference = 9AED4FC72004B4C400A1556D /* MuseumApp2.app */;
			productType = "com.apple.product-type.application";
		};
/* End PBXNativeTarget section */

/* Begin PBXProject section */
		9AED4FBF2004B4C400A1556D /* Project object */ = {
			isa = PBXProject;
			attributes = {
				LastSwiftUpdateCheck = 0920;
				LastUpgradeCheck = 0920;
				ORGANIZATIONNAME = "David van der Velden";
				TargetAttributes = {
					9AED4FC62004B4C400A1556D = {
						CreatedOnToolsVersion = 9.2;
						ProvisioningStyle = Automatic;
					};
				};
			};
			buildConfigurationList = 9AED4FC22004B4C400A1556D /* Build configuration list for PBXProject "MuseumApp2" */;
			compatibilityVersion = "Xcode 8.0";
			developmentRegion = en;
			hasScannedForEncodings = 0;
			knownRegions = (
				en,
				Base,
			);
			mainGroup = 9AED4FBE2004B4C400A1556D;
			productRefGroup = 9AED4FC82004B4C400A1556D /* Products */;
			projectDirPath = "";
			projectRoot = "";
			targets = (
				9AED4FC62004B4C400A1556D /* MuseumApp2 */,
			);
		};
/* End PBXProject section */

/* Begin PBXResourcesBuildPhase section */
		9AED4FC52004B4C400A1556D /* Resources */ = {
			isa = PBXResourcesBuildPhase;
			buildActionMask = 2147483647;
			files = (
				9AED4FD52004B4C400A1556D /* LaunchScreen.storyboard in Resources */,
				9A8D04D4200CB03300B8B12C /* GoogleService-Info.plist in Resources */,
				9AED4FD22004B4C400A1556D /* Assets.xcassets in Resources */,
				9AED4FD02004B4C400A1556D /* Main.storyboard in Resources */,
			);
			runOnlyForDeploymentPostprocessing = 0;
		};
/* End PBXResourcesBuildPhase section */

/* Begin PBXShellScriptBuildPhase section */
		23D1F36A2AB5F8B02A0158BC /* [CP] Embed Pods Frameworks */ = {
			isa = PBXShellScriptBuildPhase;
			buildActionMask = 2147483647;
			files = (
			);
			inputPaths = (
			);
			name = "[CP] Embed Pods Frameworks";
			outputPaths = (
			);
			runOnlyForDeploymentPostprocessing = 0;
			shellPath = /bin/sh;
			shellScript = "\"${SRCROOT}/Pods/Target Support Files/Pods-MuseumApp2/Pods-MuseumApp2-frameworks.sh\"\n";
			showEnvVarsInLog = 0;
		};
		60D0E7631292EA00C467D831 /* [CP] Copy Pods Resources */ = {
			isa = PBXShellScriptBuildPhase;
			buildActionMask = 2147483647;
			files = (
			);
			inputPaths = (
			);
			name = "[CP] Copy Pods Resources";
			outputPaths = (
			);
			runOnlyForDeploymentPostprocessing = 0;
			shellPath = /bin/sh;
			shellScript = "\"${SRCROOT}/Pods/Target Support Files/Pods-MuseumApp2/Pods-MuseumApp2-resources.sh\"\n";
			showEnvVarsInLog = 0;
		};
		A06F1AEF1EB1092660020CF9 /* [CP] Check Pods Manifest.lock */ = {
			isa = PBXShellScriptBuildPhase;
			buildActionMask = 2147483647;
			files = (
			);
			inputPaths = (
			);
			name = "[CP] Check Pods Manifest.lock";
			outputPaths = (
			);
			runOnlyForDeploymentPostprocessing = 0;
			shellPath = /bin/sh;
			shellScript = "diff \"${PODS_ROOT}/../Podfile.lock\" \"${PODS_ROOT}/Manifest.lock\" > /dev/null\nif [ $? != 0 ] ; then\n    # print error to STDERR\n    echo \"error: The sandbox is not in sync with the Podfile.lock. Run 'pod install' or update your CocoaPods installation.\" >&2\n    exit 1\nfi\n";
			showEnvVarsInLog = 0;
		};
/* End PBXShellScriptBuildPhase section */

/* Begin PBXSourcesBuildPhase section */
		9AED4FC32004B4C400A1556D /* Sources */ = {
			isa = PBXSourcesBuildPhase;
			buildActionMask = 2147483647;
			files = (
				9AED4FE72008AC0600A1556D /* YourCollectionsTableViewController.swift in Sources */,
				9AED4FE12004CB6600A1556D /* Artwork.swift in Sources */,
				9A86ED10200CE574004AC7DC /* WebImage.swift in Sources */,
				9A86ED0A200CE566004AC7DC /* Dating.swift in Sources */,
				9A86ED11200CE577004AC7DC /* Links.swift in Sources */,
				9A86ED0F200CE572004AC7DC /* Acquisition.swift in Sources */,
				9A86ED13200CE579004AC7DC /* ArtObject.swift in Sources */,
				9AED4FE92008AC3800A1556D /* CollectionDetailTableViewController.swift in Sources */,
				9A86ED1B200DFC76004AC7DC /* SearchResults.swift in Sources */,
				9A86ED1C200DFC76004AC7DC /* ArtObjects.swift in Sources */,
				9A86ED0C200CE56A004AC7DC /* Dimensions.swift in Sources */,
				9AED4FE32008AB8700A1556D /* RecentUsersTableViewController.swift in Sources */,
				9AED4FDF2004BBE100A1556D /* SearchResultTableViewController.swift in Sources */,
				9A86ED14200CE57B004AC7DC /* Label.swift in Sources */,
				9A86ED08200CE55D004AC7DC /* Json4Swift_Base.swift in Sources */,
				9AED4FE52008ABE500A1556D /* OtherUsersCollectionTableViewController.swift in Sources */,
				9AED4FDD2004BB7B00A1556D /* SearchViewController.swift in Sources */,
				9A86ED09200CE564004AC7DC /* Classification.swift in Sources */,
				9AED4FEB2008AC7400A1556D /* DetailViewController.swift in Sources */,
				9AED4FCD2004B4C400A1556D /* ViewController.swift in Sources */,
				9AED4FCB2004B4C400A1556D /* AppDelegate.swift in Sources */,
				9A86ED0E200CE570004AC7DC /* AdlibOverrides.swift in Sources */,
				9A86ED0B200CE568004AC7DC /* PrincipalMakers.swift in Sources */,
				9A86ED0D200CE56B004AC7DC /* ArtObjectPage.swift in Sources */,
				9A86ED1E200F9F70004AC7DC /* StringExtension.swift in Sources */,
				9AE0AEFD200CB57E00B30137 /* LoginViewController.swift in Sources */,
			);
			runOnlyForDeploymentPostprocessing = 0;
		};
/* End PBXSourcesBuildPhase section */

/* Begin PBXVariantGroup section */
		9AED4FCE2004B4C400A1556D /* Main.storyboard */ = {
			isa = PBXVariantGroup;
			children = (
				9AED4FCF2004B4C400A1556D /* Base */,
			);
			name = Main.storyboard;
			sourceTree = "<group>";
		};
		9AED4FD32004B4C400A1556D /* LaunchScreen.storyboard */ = {
			isa = PBXVariantGroup;
			children = (
				9AED4FD42004B4C400A1556D /* Base */,
			);
			name = LaunchScreen.storyboard;
			sourceTree = "<group>";
		};
/* End PBXVariantGroup section */

/* Begin XCBuildConfiguration section */
		9AED4FD72004B4C400A1556D /* Debug */ = {
			isa = XCBuildConfiguration;
			buildSettings = {
				ALWAYS_SEARCH_USER_PATHS = NO;
				CLANG_ANALYZER_NONNULL = YES;
				CLANG_ANALYZER_NUMBER_OBJECT_CONVERSION = YES_AGGRESSIVE;
				CLANG_CXX_LANGUAGE_STANDARD = "gnu++14";
				CLANG_CXX_LIBRARY = "libc++";
				CLANG_ENABLE_MODULES = YES;
				CLANG_ENABLE_OBJC_ARC = YES;
				CLANG_WARN_BLOCK_CAPTURE_AUTORELEASING = YES;
				CLANG_WARN_BOOL_CONVERSION = YES;
				CLANG_WARN_COMMA = YES;
				CLANG_WARN_CONSTANT_CONVERSION = YES;
				CLANG_WARN_DIRECT_OBJC_ISA_USAGE = YES_ERROR;
				CLANG_WARN_DOCUMENTATION_COMMENTS = YES;
				CLANG_WARN_EMPTY_BODY = YES;
				CLANG_WARN_ENUM_CONVERSION = YES;
				CLANG_WARN_INFINITE_RECURSION = YES;
				CLANG_WARN_INT_CONVERSION = YES;
				CLANG_WARN_NON_LITERAL_NULL_CONVERSION = YES;
				CLANG_WARN_OBJC_LITERAL_CONVERSION = YES;
				CLANG_WARN_OBJC_ROOT_CLASS = YES_ERROR;
				CLANG_WARN_RANGE_LOOP_ANALYSIS = YES;
				CLANG_WARN_STRICT_PROTOTYPES = YES;
				CLANG_WARN_SUSPICIOUS_MOVE = YES;
				CLANG_WARN_UNGUARDED_AVAILABILITY = YES_AGGRESSIVE;
				CLANG_WARN_UNREACHABLE_CODE = YES;
				CLANG_WARN__DUPLICATE_METHOD_MATCH = YES;
				CODE_SIGN_IDENTITY = "iPhone Developer";
				COPY_PHASE_STRIP = NO;
				DEBUG_INFORMATION_FORMAT = dwarf;
				ENABLE_STRICT_OBJC_MSGSEND = YES;
				ENABLE_TESTABILITY = YES;
				GCC_C_LANGUAGE_STANDARD = gnu11;
				GCC_DYNAMIC_NO_PIC = NO;
				GCC_NO_COMMON_BLOCKS = YES;
				GCC_OPTIMIZATION_LEVEL = 0;
				GCC_PREPROCESSOR_DEFINITIONS = (
					"DEBUG=1",
					"$(inherited)",
				);
				GCC_WARN_64_TO_32_BIT_CONVERSION = YES;
				GCC_WARN_ABOUT_RETURN_TYPE = YES_ERROR;
				GCC_WARN_UNDECLARED_SELECTOR = YES;
				GCC_WARN_UNINITIALIZED_AUTOS = YES_AGGRESSIVE;
				GCC_WARN_UNUSED_FUNCTION = YES;
				GCC_WARN_UNUSED_VARIABLE = YES;
				IPHONEOS_DEPLOYMENT_TARGET = 11.2;
				MTL_ENABLE_DEBUG_INFO = YES;
				ONLY_ACTIVE_ARCH = YES;
				SDKROOT = iphoneos;
				SWIFT_ACTIVE_COMPILATION_CONDITIONS = DEBUG;
				SWIFT_OPTIMIZATION_LEVEL = "-Onone";
			};
			name = Debug;
		};
		9AED4FD82004B4C400A1556D /* Release */ = {
			isa = XCBuildConfiguration;
			buildSettings = {
				ALWAYS_SEARCH_USER_PATHS = NO;
				CLANG_ANALYZER_NONNULL = YES;
				CLANG_ANALYZER_NUMBER_OBJECT_CONVERSION = YES_AGGRESSIVE;
				CLANG_CXX_LANGUAGE_STANDARD = "gnu++14";
				CLANG_CXX_LIBRARY = "libc++";
				CLANG_ENABLE_MODULES = YES;
				CLANG_ENABLE_OBJC_ARC = YES;
				CLANG_WARN_BLOCK_CAPTURE_AUTORELEASING = YES;
				CLANG_WARN_BOOL_CONVERSION = YES;
				CLANG_WARN_COMMA = YES;
				CLANG_WARN_CONSTANT_CONVERSION = YES;
				CLANG_WARN_DIRECT_OBJC_ISA_USAGE = YES_ERROR;
				CLANG_WARN_DOCUMENTATION_COMMENTS = YES;
				CLANG_WARN_EMPTY_BODY = YES;
				CLANG_WARN_ENUM_CONVERSION = YES;
				CLANG_WARN_INFINITE_RECURSION = YES;
				CLANG_WARN_INT_CONVERSION = YES;
				CLANG_WARN_NON_LITERAL_NULL_CONVERSION = YES;
				CLANG_WARN_OBJC_LITERAL_CONVERSION = YES;
				CLANG_WARN_OBJC_ROOT_CLASS = YES_ERROR;
				CLANG_WARN_RANGE_LOOP_ANALYSIS = YES;
				CLANG_WARN_STRICT_PROTOTYPES = YES;
				CLANG_WARN_SUSPICIOUS_MOVE = YES;
				CLANG_WARN_UNGUARDED_AVAILABILITY = YES_AGGRESSIVE;
				CLANG_WARN_UNREACHABLE_CODE = YES;
				CLANG_WARN__DUPLICATE_METHOD_MATCH = YES;
				CODE_SIGN_IDENTITY = "iPhone Developer";
				COPY_PHASE_STRIP = NO;
				DEBUG_INFORMATION_FORMAT = "dwarf-with-dsym";
				ENABLE_NS_ASSERTIONS = NO;
				ENABLE_STRICT_OBJC_MSGSEND = YES;
				GCC_C_LANGUAGE_STANDARD = gnu11;
				GCC_NO_COMMON_BLOCKS = YES;
				GCC_WARN_64_TO_32_BIT_CONVERSION = YES;
				GCC_WARN_ABOUT_RETURN_TYPE = YES_ERROR;
				GCC_WARN_UNDECLARED_SELECTOR = YES;
				GCC_WARN_UNINITIALIZED_AUTOS = YES_AGGRESSIVE;
				GCC_WARN_UNUSED_FUNCTION = YES;
				GCC_WARN_UNUSED_VARIABLE = YES;
				IPHONEOS_DEPLOYMENT_TARGET = 11.2;
				MTL_ENABLE_DEBUG_INFO = NO;
				SDKROOT = iphoneos;
				SWIFT_OPTIMIZATION_LEVEL = "-Owholemodule";
				VALIDATE_PRODUCT = YES;
			};
			name = Release;
		};
		9AED4FDA2004B4C400A1556D /* Debug */ = {
			isa = XCBuildConfiguration;
			baseConfigurationReference = 40067B1C3BA4A3C991996475 /* Pods-MuseumApp2.debug.xcconfig */;
			buildSettings = {
				ASSETCATALOG_COMPILER_APPICON_NAME = AppIcon;
				CODE_SIGN_STYLE = Automatic;
				DEVELOPMENT_TEAM = G3GM3XEHAS;
				INFOPLIST_FILE = MuseumApp2/Info.plist;
				LD_RUNPATH_SEARCH_PATHS = "$(inherited) @executable_path/Frameworks";
				PRODUCT_BUNDLE_IDENTIFIER = "davidvdvelden-icloud.com.MuseumApp";
				PRODUCT_NAME = "$(TARGET_NAME)";
				SWIFT_VERSION = 4.0;
				TARGETED_DEVICE_FAMILY = "1,2";
			};
			name = Debug;
		};
		9AED4FDB2004B4C400A1556D /* Release */ = {
			isa = XCBuildConfiguration;
			baseConfigurationReference = 8E40CE9015DDE9DB814DEF6A /* Pods-MuseumApp2.release.xcconfig */;
			buildSettings = {
				ASSETCATALOG_COMPILER_APPICON_NAME = AppIcon;
				CODE_SIGN_STYLE = Automatic;
				DEVELOPMENT_TEAM = G3GM3XEHAS;
				INFOPLIST_FILE = MuseumApp2/Info.plist;
				LD_RUNPATH_SEARCH_PATHS = "$(inherited) @executable_path/Frameworks";
				PRODUCT_BUNDLE_IDENTIFIER = "davidvdvelden-icloud.com.MuseumApp";
				PRODUCT_NAME = "$(TARGET_NAME)";
				SWIFT_VERSION = 4.0;
				TARGETED_DEVICE_FAMILY = "1,2";
			};
			name = Release;
		};
/* End XCBuildConfiguration section */

/* Begin XCConfigurationList section */
		9AED4FC22004B4C400A1556D /* Build configuration list for PBXProject "MuseumApp2" */ = {
			isa = XCConfigurationList;
			buildConfigurations = (
				9AED4FD72004B4C400A1556D /* Debug */,
				9AED4FD82004B4C400A1556D /* Release */,
			);
			defaultConfigurationIsVisible = 0;
			defaultConfigurationName = Release;
		};
		9AED4FD92004B4C400A1556D /* Build configuration list for PBXNativeTarget "MuseumApp2" */ = {
			isa = XCConfigurationList;
			buildConfigurations = (
				9AED4FDA2004B4C400A1556D /* Debug */,
				9AED4FDB2004B4C400A1556D /* Release */,
			);
			defaultConfigurationIsVisible = 0;
			defaultConfigurationName = Release;
		};
/* End XCConfigurationList section */
	};
	rootObject = 9AED4FBF2004B4C400A1556D /* Project object */;
}
